
Microsoft Visual Studio Solution File, Format Version 12.00
# Visual Studio Version 17
VisualStudioVersion = 17.3.32929.385
MinimumVisualStudioVersion = 10.0.40219.1
Project("{FAE04EC0-301F-11D3-BF4B-00C04F79EFBC}") = "SnakeAndLadderProblem", "SnakeAndLadderProblem.csproj", "{2DCBD6EF-EB1E-45B9-8645-FFD2F5DBE4E3}"
EndProject
Global
	GlobalSection(SolutionConfigurationPlatforms) = preSolution
		Debug|Any CPU = Debug|Any CPU
		Release|Any CPU = Release|Any CPU
	EndGlobalSection
	GlobalSection(ProjectConfigurationPlatforms) = postSolution
		{2DCBD6EF-EB1E-45B9-8645-FFD2F5DBE4E3}.Debug|Any CPU.ActiveCfg = Debug|Any CPU
		{2DCBD6EF-EB1E-45B9-8645-FFD2F5DBE4E3}.Debug|Any CPU.Build.0 = Debug|Any CPU
		{2DCBD6EF-EB1E-45B9-8645-FFD2F5DBE4E3}.Release|Any CPU.ActiveCfg = Release|Any CPU
		{2DCBD6EF-EB1E-45B9-8645-FFD2F5DBE4E3}.Release|Any CPU.Build.0 = Release|Any CPU
	EndGlobalSection
	GlobalSection(SolutionProperties) = preSolution
		HideSolutionNode = FALSE
	EndGlobalSection
	GlobalSection(ExtensibilityGlobals) = postSolution
		SolutionGuid = {8E4E6B81-4D78-433F-80B3-FC461E998581}
	EndGlobalSection
EndGlobal
